
Microsoft Visual Studio Solution File, Format Version 12.00
# Visual Studio Version 17
VisualStudioVersion = 17.0.31903.59
MinimumVisualStudioVersion = 10.0.40219.1
Project("{FAE04EC0-301F-11D3-BF4B-00C04F79EFBC}") = "Operators", "Operators\Operators.csproj", "{035801BF-F0A7-42CB-B4F0-150E3A89CF34}"
EndProject
Project("{FAE04EC0-301F-11D3-BF4B-00C04F79EFBC}") = "SelectionStatements", "SelectionStatements\SelectionStatements.csproj", "{49AC1FEF-B640-4BB3-96E7-32C1B9292FD4}"
EndProject
Project("{FAE04EC0-301F-11D3-BF4B-00C04F79EFBC}") = "IterationStatements", "IterationStatements\IterationStatements.csproj", "{104D620B-9D25-4157-B5B5-A84988DEBE27}"
EndProject
Project("{FAE04EC0-301F-11D3-BF4B-00C04F79EFBC}") = "Arrays", "Arrays\Arrays.csproj", "{70E94191-03CB-4FF6-BE27-F23ADD6C944C}"
EndProject
Global
	GlobalSection(SolutionConfigurationPlatforms) = preSolution
		Debug|Any CPU = Debug|Any CPU
		Release|Any CPU = Release|Any CPU
	EndGlobalSection
	GlobalSection(SolutionProperties) = preSolution
		HideSolutionNode = FALSE
	EndGlobalSection
	GlobalSection(ProjectConfigurationPlatforms) = postSolution
		{035801BF-F0A7-42CB-B4F0-150E3A89CF34}.Debug|Any CPU.ActiveCfg = Debug|Any CPU
		{035801BF-F0A7-42CB-B4F0-150E3A89CF34}.Debug|Any CPU.Build.0 = Debug|Any CPU
		{035801BF-F0A7-42CB-B4F0-150E3A89CF34}.Release|Any CPU.ActiveCfg = Release|Any CPU
		{035801BF-F0A7-42CB-B4F0-150E3A89CF34}.Release|Any CPU.Build.0 = Release|Any CPU
		{49AC1FEF-B640-4BB3-96E7-32C1B9292FD4}.Debug|Any CPU.ActiveCfg = Debug|Any CPU
		{49AC1FEF-B640-4BB3-96E7-32C1B9292FD4}.Debug|Any CPU.Build.0 = Debug|Any CPU
		{49AC1FEF-B640-4BB3-96E7-32C1B9292FD4}.Release|Any CPU.ActiveCfg = Release|Any CPU
		{49AC1FEF-B640-4BB3-96E7-32C1B9292FD4}.Release|Any CPU.Build.0 = Release|Any CPU
		{104D620B-9D25-4157-B5B5-A84988DEBE27}.Debug|Any CPU.ActiveCfg = Debug|Any CPU
		{104D620B-9D25-4157-B5B5-A84988DEBE27}.Debug|Any CPU.Build.0 = Debug|Any CPU
		{104D620B-9D25-4157-B5B5-A84988DEBE27}.Release|Any CPU.ActiveCfg = Release|Any CPU
		{104D620B-9D25-4157-B5B5-A84988DEBE27}.Release|Any CPU.Build.0 = Release|Any CPU
		{70E94191-03CB-4FF6-BE27-F23ADD6C944C}.Debug|Any CPU.ActiveCfg = Debug|Any CPU
		{70E94191-03CB-4FF6-BE27-F23ADD6C944C}.Debug|Any CPU.Build.0 = Debug|Any CPU
		{70E94191-03CB-4FF6-BE27-F23ADD6C944C}.Release|Any CPU.ActiveCfg = Release|Any CPU
		{70E94191-03CB-4FF6-BE27-F23ADD6C944C}.Release|Any CPU.Build.0 = Release|Any CPU
		{0DA49D84-CC74-46D2-9015-93B5902E06E4}.Debug|Any CPU.ActiveCfg = Debug|Any CPU
		{0DA49D84-CC74-46D2-9015-93B5902E06E4}.Debug|Any CPU.Build.0 = Debug|Any CPU
		{0DA49D84-CC74-46D2-9015-93B5902E06E4}.Release|Any CPU.ActiveCfg = Release|Any CPU
		{0DA49D84-CC74-46D2-9015-93B5902E06E4}.Release|Any CPU.Build.0 = Release|Any CPU
		{96B5BC28-383D-45C5-B29A-6FEB49FCB6CD}.Debug|Any CPU.ActiveCfg = Debug|Any CPU
		{96B5BC28-383D-45C5-B29A-6FEB49FCB6CD}.Debug|Any CPU.Build.0 = Debug|Any CPU
		{96B5BC28-383D-45C5-B29A-6FEB49FCB6CD}.Release|Any CPU.ActiveCfg = Release|Any CPU
		{96B5BC28-383D-45C5-B29A-6FEB49FCB6CD}.Release|Any CPU.Build.0 = Release|Any CPU
	EndGlobalSection
EndGlobal
