
Microsoft Visual Studio Solution File, Format Version 12.00
# Visual Studio Version 17
VisualStudioVersion = 17.0.31903.59
MinimumVisualStudioVersion = 10.0.40219.1
Project("{FAE04EC0-301F-11D3-BF4B-00C04F79EFBC}") = "Operators", "Operators\Operators.csproj", "{035801BF-F0A7-42CB-B4F0-150E3A89CF34}"
EndProject
Project("{FAE04EC0-301F-11D3-BF4B-00C04F79EFBC}") = "SelectionStatements", "SelectionStatements\SelectionStatements.csproj", "{49AC1FEF-B640-4BB3-96E7-32C1B9292FD4}"
EndProject
Project("{FAE04EC0-301F-11D3-BF4B-00C04F79EFBC}") = "IterationStatements", "IterationStatements\IterationStatements.csproj", "{104D620B-9D25-4157-B5B5-A84988DEBE27}"
EndProject
Project("{FAE04EC0-301F-11D3-BF4B-00C04F79EFBC}") = "Arrays", "Arrays\Arrays.csproj", "{70E94191-03CB-4FF6-BE27-F23ADD6C944C}"
EndProject
Project("{FAE04EC0-301F-11D3-BF4B-00C04F79EFBC}") = "CastingConverting", "CastingConverting\CastingConverting.csproj", "{05BCEDBC-185B-4E3C-BC7F-B29C2658DE04}"
EndProject
Project("{FAE04EC0-301F-11D3-BF4B-00C04F79EFBC}") = "HandlingExceptions", "HandlingExceptions\HandlingExceptions.csproj", "{0C780903-3357-4939-8085-D085800E60AD}"
EndProject
Project("{FAE04EC0-301F-11D3-BF4B-00C04F79EFBC}") = "Ch03X02LoopsAndOverflow", "Ch03X02LoopsAndOverflow\Ch03X02LoopsAndOverflow.csproj", "{EDAA80AD-A269-4F0C-BC39-2007749707A7}"
EndProject
Project("{FAE04EC0-301F-11D3-BF4B-00C04F79EFBC}") = "FizzBuzz", "FizzBuzz\FizzBuzz.csproj", "{F8D9035A-2A36-4655-A80E-FBC5C51691AD}"
EndProject
Global
	GlobalSection(SolutionConfigurationPlatforms) = preSolution
		Debug|Any CPU = Debug|Any CPU
		Release|Any CPU = Release|Any CPU
	EndGlobalSection
	GlobalSection(ProjectConfigurationPlatforms) = postSolution
		{035801BF-F0A7-42CB-B4F0-150E3A89CF34}.Debug|Any CPU.ActiveCfg = Debug|Any CPU
		{035801BF-F0A7-42CB-B4F0-150E3A89CF34}.Debug|Any CPU.Build.0 = Debug|Any CPU
		{035801BF-F0A7-42CB-B4F0-150E3A89CF34}.Release|Any CPU.ActiveCfg = Release|Any CPU
		{035801BF-F0A7-42CB-B4F0-150E3A89CF34}.Release|Any CPU.Build.0 = Release|Any CPU
		{49AC1FEF-B640-4BB3-96E7-32C1B9292FD4}.Debug|Any CPU.ActiveCfg = Debug|Any CPU
		{49AC1FEF-B640-4BB3-96E7-32C1B9292FD4}.Debug|Any CPU.Build.0 = Debug|Any CPU
		{49AC1FEF-B640-4BB3-96E7-32C1B9292FD4}.Release|Any CPU.ActiveCfg = Release|Any CPU
		{49AC1FEF-B640-4BB3-96E7-32C1B9292FD4}.Release|Any CPU.Build.0 = Release|Any CPU
		{104D620B-9D25-4157-B5B5-A84988DEBE27}.Debug|Any CPU.ActiveCfg = Debug|Any CPU
		{104D620B-9D25-4157-B5B5-A84988DEBE27}.Debug|Any CPU.Build.0 = Debug|Any CPU
		{104D620B-9D25-4157-B5B5-A84988DEBE27}.Release|Any CPU.ActiveCfg = Release|Any CPU
		{104D620B-9D25-4157-B5B5-A84988DEBE27}.Release|Any CPU.Build.0 = Release|Any CPU
		{70E94191-03CB-4FF6-BE27-F23ADD6C944C}.Debug|Any CPU.ActiveCfg = Debug|Any CPU
		{70E94191-03CB-4FF6-BE27-F23ADD6C944C}.Debug|Any CPU.Build.0 = Debug|Any CPU
		{70E94191-03CB-4FF6-BE27-F23ADD6C944C}.Release|Any CPU.ActiveCfg = Release|Any CPU
		{70E94191-03CB-4FF6-BE27-F23ADD6C944C}.Release|Any CPU.Build.0 = Release|Any CPU
		{05BCEDBC-185B-4E3C-BC7F-B29C2658DE04}.Debug|Any CPU.ActiveCfg = Debug|Any CPU
		{05BCEDBC-185B-4E3C-BC7F-B29C2658DE04}.Debug|Any CPU.Build.0 = Debug|Any CPU
		{05BCEDBC-185B-4E3C-BC7F-B29C2658DE04}.Release|Any CPU.ActiveCfg = Release|Any CPU
		{05BCEDBC-185B-4E3C-BC7F-B29C2658DE04}.Release|Any CPU.Build.0 = Release|Any CPU
		{0C780903-3357-4939-8085-D085800E60AD}.Debug|Any CPU.ActiveCfg = Debug|Any CPU
		{0C780903-3357-4939-8085-D085800E60AD}.Debug|Any CPU.Build.0 = Debug|Any CPU
		{0C780903-3357-4939-8085-D085800E60AD}.Release|Any CPU.ActiveCfg = Release|Any CPU
		{0C780903-3357-4939-8085-D085800E60AD}.Release|Any CPU.Build.0 = Release|Any CPU
		{EDAA80AD-A269-4F0C-BC39-2007749707A7}.Debug|Any CPU.ActiveCfg = Debug|Any CPU
		{EDAA80AD-A269-4F0C-BC39-2007749707A7}.Debug|Any CPU.Build.0 = Debug|Any CPU
		{EDAA80AD-A269-4F0C-BC39-2007749707A7}.Release|Any CPU.ActiveCfg = Release|Any CPU
		{EDAA80AD-A269-4F0C-BC39-2007749707A7}.Release|Any CPU.Build.0 = Release|Any CPU
		{F8D9035A-2A36-4655-A80E-FBC5C51691AD}.Debug|Any CPU.ActiveCfg = Debug|Any CPU
		{F8D9035A-2A36-4655-A80E-FBC5C51691AD}.Debug|Any CPU.Build.0 = Debug|Any CPU
		{F8D9035A-2A36-4655-A80E-FBC5C51691AD}.Release|Any CPU.ActiveCfg = Release|Any CPU
		{F8D9035A-2A36-4655-A80E-FBC5C51691AD}.Release|Any CPU.Build.0 = Release|Any CPU
	EndGlobalSection
	GlobalSection(SolutionProperties) = preSolution
		HideSolutionNode = FALSE
	EndGlobalSection
EndGlobal
